
Microsoft Visual Studio Solution File, Format Version 12.00
# Visual Studio 15
VisualStudioVersion = 15.0.28307.572
MinimumVisualStudioVersion = 10.0.40219.1
Project("{2150E333-8FDC-42A3-9474-1A3956D46DE8}") = "misc", "misc", "{0080EF1F-A652-4498-BE59-F3FFFB3F33B2}"
	ProjectSection(SolutionItems) = preProject
		.gitignore = .gitignore
		.travis.yml = .travis.yml
		LICENSE = LICENSE
		README.md = README.md
		LICENSE-AFFERO = LICENSE-AFFERO
	EndProjectSection
EndProject
Project("{9A19103F-16F7-4668-BE54-9A1E7A4F7556}") = "magic.signals.contracts", "magic.signals.contracts\magic.signals.contracts.csproj", "{061F0B38-5854-4F15-8B16-84F9A826E287}"
EndProject
Project("{9A19103F-16F7-4668-BE54-9A1E7A4F7556}") = "magic.signals.services", "magic.signals.services\magic.signals.services.csproj", "{A1EC9FD5-901E-429C-8A30-07C183C283CF}"
EndProject
Project("{9A19103F-16F7-4668-BE54-9A1E7A4F7556}") = "magic.signals.tests", "magic.signals.tests\magic.signals.tests.csproj", "{1D1D0390-7442-45A7-AB32-A65874E48FD9}"
EndProject
Project("{2150E333-8FDC-42A3-9474-1A3956D46DE8}") = "signals", "signals", "{67F97B9E-00E3-4264-9C09-8B8C809F368F}"
EndProject
Global
	GlobalSection(SolutionConfigurationPlatforms) = preSolution
		Debug|Any CPU = Debug|Any CPU
		Release|Any CPU = Release|Any CPU
	EndGlobalSection
	GlobalSection(ProjectConfigurationPlatforms) = postSolution
		{061F0B38-5854-4F15-8B16-84F9A826E287}.Debug|Any CPU.ActiveCfg = Debug|Any CPU
		{061F0B38-5854-4F15-8B16-84F9A826E287}.Debug|Any CPU.Build.0 = Debug|Any CPU
		{061F0B38-5854-4F15-8B16-84F9A826E287}.Release|Any CPU.ActiveCfg = Release|Any CPU
		{061F0B38-5854-4F15-8B16-84F9A826E287}.Release|Any CPU.Build.0 = Release|Any CPU
		{A1EC9FD5-901E-429C-8A30-07C183C283CF}.Debug|Any CPU.ActiveCfg = Debug|Any CPU
		{A1EC9FD5-901E-429C-8A30-07C183C283CF}.Debug|Any CPU.Build.0 = Debug|Any CPU
		{A1EC9FD5-901E-429C-8A30-07C183C283CF}.Release|Any CPU.ActiveCfg = Release|Any CPU
		{A1EC9FD5-901E-429C-8A30-07C183C283CF}.Release|Any CPU.Build.0 = Release|Any CPU
		{1D1D0390-7442-45A7-AB32-A65874E48FD9}.Debug|Any CPU.ActiveCfg = Debug|Any CPU
		{1D1D0390-7442-45A7-AB32-A65874E48FD9}.Debug|Any CPU.Build.0 = Debug|Any CPU
		{1D1D0390-7442-45A7-AB32-A65874E48FD9}.Release|Any CPU.ActiveCfg = Release|Any CPU
		{1D1D0390-7442-45A7-AB32-A65874E48FD9}.Release|Any CPU.Build.0 = Release|Any CPU
	EndGlobalSection
	GlobalSection(SolutionProperties) = preSolution
		HideSolutionNode = FALSE
	EndGlobalSection
	GlobalSection(NestedProjects) = preSolution
		{061F0B38-5854-4F15-8B16-84F9A826E287} = {67F97B9E-00E3-4264-9C09-8B8C809F368F}
		{A1EC9FD5-901E-429C-8A30-07C183C283CF} = {67F97B9E-00E3-4264-9C09-8B8C809F368F}
		{1D1D0390-7442-45A7-AB32-A65874E48FD9} = {67F97B9E-00E3-4264-9C09-8B8C809F368F}
	EndGlobalSection
	GlobalSection(ExtensibilityGlobals) = postSolution
		SolutionGuid = {91E466E3-D7D1-456A-A29E-2D09F8C41328}
	EndGlobalSection
EndGlobal
